// !$*UTF8*$!
{
	archiveVersion = 1;
	classes = {
	};
	objectVersion = 50;
	objects = {

/* Begin PBXBuildFile section */
		989610D322EFF034007E63C9 /* AppDelegate.swift in Sources */ = {isa = PBXBuildFile; fileRef = 989610D222EFF034007E63C9 /* AppDelegate.swift */; };
		989610D522EFF034007E63C9 /* ViewController.swift in Sources */ = {isa = PBXBuildFile; fileRef = 989610D422EFF034007E63C9 /* ViewController.swift */; };
		989610D822EFF034007E63C9 /* Main.storyboard in Resources */ = {isa = PBXBuildFile; fileRef = 989610D622EFF034007E63C9 /* Main.storyboard */; };
		989610DA22EFF036007E63C9 /* Assets.xcassets in Resources */ = {isa = PBXBuildFile; fileRef = 989610D922EFF036007E63C9 /* Assets.xcassets */; };
		989610DD22EFF036007E63C9 /* LaunchScreen.storyboard in Resources */ = {isa = PBXBuildFile; fileRef = 989610DB22EFF036007E63C9 /* LaunchScreen.storyboard */; };
		989610E522EFF1CF007E63C9 /* Cell.swift in Sources */ = {isa = PBXBuildFile; fileRef = 989610E422EFF1CF007E63C9 /* Cell.swift */; };
/* End PBXBuildFile section */

/* Begin PBXFileReference section */
		989610CF22EFF034007E63C9 /* 拖拽移动.app */ = {isa = PBXFileReference; explicitFileType = wrapper.application; includeInIndex = 0; path = "拖拽移动.app"; sourceTree = BUILT_PRODUCTS_DIR; };
		989610D222EFF034007E63C9 /* AppDelegate.swift */ = {isa = PBXFileReference; lastKnownFileType = sourcecode.swift; path = AppDelegate.swift; sourceTree = "<group>"; };
		989610D422EFF034007E63C9 /* ViewController.swift */ = {isa = PBXFileReference; lastKnownFileType = sourcecode.swift; path = ViewController.swift; sourceTree = "<group>"; };
		989610D722EFF034007E63C9 /* Base */ = {isa = PBXFileReference; lastKnownFileType = file.storyboard; name = Base; path = Base.lproj/Main.storyboard; sourceTree = "<group>"; };
		989610D922EFF036007E63C9 /* Assets.xcassets */ = {isa = PBXFileReference; lastKnownFileType = folder.assetcatalog; path = Assets.xcassets; sourceTree = "<group>"; };
		989610DC22EFF036007E63C9 /* Base */ = {isa = PBXFileReference; lastKnownFileType = file.storyboard; name = Base; path = Base.lproj/LaunchScreen.storyboard; sourceTree = "<group>"; };
		989610DE22EFF036007E63C9 /* Info.plist */ = {isa = PBXFileReference; lastKnownFileType = text.plist.xml; path = Info.plist; sourceTree = "<group>"; };
		989610E422EFF1CF007E63C9 /* Cell.swift */ = {isa = PBXFileReference; lastKnownFileType = sourcecode.swift; path = Cell.swift; sourceTree = "<group>"; };
/* End PBXFileReference section */

/* Begin PBXFrameworksBuildPhase section */
		989610CC22EFF034007E63C9 /* Frameworks */ = {
			isa = PBXFrameworksBuildPhase;
			buildActionMask = 2147483647;
			files = (
			);
			runOnlyForDeploymentPostprocessing = 0;
		};
/* End PBXFrameworksBuildPhase section */

/* Begin PBXGroup section */
		989610C622EFF033007E63C9 = {
			isa = PBXGroup;
			children = (
				989610D122EFF034007E63C9 /* 拖拽移动 */,
				989610D022EFF034007E63C9 /* Products */,
			);
			sourceTree = "<group>";
		};
		989610D022EFF034007E63C9 /* Products */ = {
			isa = PBXGroup;
			children = (
				989610CF22EFF034007E63C9 /* 拖拽移动.app */,
			);
			name = Products;
			sourceTree = "<group>";
		};
		989610D122EFF034007E63C9 /* 拖拽移动 */ = {
			isa = PBXGroup;
			children = (
				989610D222EFF034007E63C9 /* AppDelegate.swift */,
				989610D422EFF034007E63C9 /* ViewController.swift */,
				989610D622EFF034007E63C9 /* Main.storyboard */,
				989610D922EFF036007E63C9 /* Assets.xcassets */,
				989610DB22EFF036007E63C9 /* LaunchScreen.storyboard */,
				989610DE22EFF036007E63C9 /* Info.plist */,
				989610E422EFF1CF007E63C9 /* Cell.swift */,
			);
			path = "拖拽移动";
			sourceTree = "<group>";
		};
/* End PBXGroup section */

/* Begin PBXNativeTarget section */
		989610CE22EFF034007E63C9 /* 拖拽移动 */ = {
			isa = PBXNativeTarget;
			buildConfigurationList = 989610E122EFF036007E63C9 /* Build configuration list for PBXNativeTarget "拖拽移动" */;
			buildPhases = (
				989610CB22EFF034007E63C9 /* Sources */,
				989610CC22EFF034007E63C9 /* Frameworks */,
				989610CD22EFF034007E63C9 /* Resources */,
			);
			buildRules = (
			);
			dependencies = (
			);
			name = "拖拽移动";
			productName = "拖拽移动";
			productReference = 989610CF22EFF034007E63C9 /* 拖拽移动.app */;
			productType = "com.apple.product-type.application";
		};
/* End PBXNativeTarget section */

/* Begin PBXProject section */
		989610C722EFF033007E63C9 /* Project object */ = {
			isa = PBXProject;
			attributes = {
				LastSwiftUpdateCheck = 1030;
				LastUpgradeCheck = 1030;
				ORGANIZATIONNAME = lzp;
				TargetAttributes = {
					989610CE22EFF034007E63C9 = {
						CreatedOnToolsVersion = 10.3;
					};
				};
			};
			buildConfigurationList = 989610CA22EFF033007E63C9 /* Build configuration list for PBXProject "拖拽移动" */;
			compatibilityVersion = "Xcode 9.3";
			developmentRegion = en;
			hasScannedForEncodings = 0;
			knownRegions = (
				en,
				Base,
			);
			mainGroup = 989610C622EFF033007E63C9;
			productRefGroup = 989610D022EFF034007E63C9 /* Products */;
			projectDirPath = "";
			projectRoot = "";
			targets = (
				989610CE22EFF034007E63C9 /* 拖拽移动 */,
			);
		};
/* End PBXProject section */

/* Begin PBXResourcesBuildPhase section */
		989610CD22EFF034007E63C9 /* Resources */ = {
			isa = PBXResourcesBuildPhase;
			buildActionMask = 2147483647;
			files = (
				989610DD22EFF036007E63C9 /* LaunchScreen.storyboard in Resources */,
				989610DA22EFF036007E63C9 /* Assets.xcassets in Resources */,
				989610D822EFF034007E63C9 /* Main.storyboard in Resources */,
			);
			runOnlyForDeploymentPostprocessing = 0;
		};
/* End PBXResourcesBuildPhase section */

/* Begin PBXSourcesBuildPhase section */
		989610CB22EFF034007E63C9 /* Sources */ = {
			isa = PBXSourcesBuildPhase;
			buildActionMask = 2147483647;
			files = (
				989610D522EFF034007E63C9 /* ViewController.swift in Sources */,
				989610D322EFF034007E63C9 /* AppDelegate.swift in Sources */,
				989610E522EFF1CF007E63C9 /* Cell.swift in Sources */,
			);
			runOnlyForDeploymentPostprocessing = 0;
		};
/* End PBXSourcesBuildPhase section */

/* Begin PBXVariantGroup section */
		989610D622EFF034007E63C9 /* Main.storyboard */ = {
			isa = PBXVariantGroup;
			children = (
				989610D722EFF034007E63C9 /* Base */,
			);
			name = Main.storyboard;
			sourceTree = "<group>";
		};
		989610DB22EFF036007E63C9 /* LaunchScreen.storyboard */ = {
			isa = PBXVariantGroup;
			children = (
				989610DC22EFF036007E63C9 /* Base */,
			);
			name = LaunchScreen.storyboard;
			sourceTree = "<group>";
		};
/* End PBXVariantGroup section */

/* Begin XCBuildConfiguration section */
		989610DF22EFF036007E63C9 /* Debug */ = {
			isa = XCBuildConfiguration;
			buildSettings = {
				ALWAYS_SEARCH_USER_PATHS = NO;
				CLANG_ANALYZER_NONNULL = YES;
				CLANG_ANALYZER_NUMBER_OBJECT_CONVERSION = YES_AGGRESSIVE;
				CLANG_CXX_LANGUAGE_STANDARD = "gnu++14";
				CLANG_CXX_LIBRARY = "libc++";
				CLANG_ENABLE_MODULES = YES;
				CLANG_ENABLE_OBJC_ARC = YES;
				CLANG_ENABLE_OBJC_WEAK = YES;
				CLANG_WARN_BLOCK_CAPTURE_AUTORELEASING = YES;
				CLANG_WARN_BOOL_CONVERSION = YES;
				CLANG_WARN_COMMA = YES;
				CLANG_WARN_CONSTANT_CONVERSION = YES;
				CLANG_WARN_DEPRECATED_OBJC_IMPLEMENTATIONS = YES;
				CLANG_WARN_DIRECT_OBJC_ISA_USAGE = YES_ERROR;
				CLANG_WARN_DOCUMENTATION_COMMENTS = YES;
				CLANG_WARN_EMPTY_BODY = YES;
				CLANG_WARN_ENUM_CONVERSION = YES;
				CLANG_WARN_INFINITE_RECURSION = YES;
				CLANG_WARN_INT_CONVERSION = YES;
				CLANG_WARN_NON_LITERAL_NULL_CONVERSION = YES;
				CLANG_WARN_OBJC_IMPLICIT_RETAIN_SELF = YES;
				CLANG_WARN_OBJC_LITERAL_CONVERSION = YES;
				CLANG_WARN_OBJC_ROOT_CLASS = YES_ERROR;
				CLANG_WARN_RANGE_LOOP_ANALYSIS = YES;
				CLANG_WARN_STRICT_PROTOTYPES = YES;
				CLANG_WARN_SUSPICIOUS_MOVE = YES;
				CLANG_WARN_UNGUARDED_AVAILABILITY = YES_AGGRESSIVE;
				CLANG_WARN_UNREACHABLE_CODE = YES;
				CLANG_WARN__DUPLICATE_METHOD_MATCH = YES;
				CODE_SIGN_IDENTITY = "iPhone Developer";
				COPY_PHASE_STRIP = NO;
				DEBUG_INFORMATION_FORMAT = dwarf;
				ENABLE_STRICT_OBJC_MSGSEND = YES;
				ENABLE_TESTABILITY = YES;
				GCC_C_LANGUAGE_STANDARD = gnu11;
				GCC_DYNAMIC_NO_PIC = NO;
				GCC_NO_COMMON_BLOCKS = YES;
				GCC_OPTIMIZATION_LEVEL = 0;
				GCC_PREPROCESSOR_DEFINITIONS = (
					"DEBUG=1",
					"$(inherited)",
				);
				GCC_WARN_64_TO_32_BIT_CONVERSION = YES;
				GCC_WARN_ABOUT_RETURN_TYPE = YES_ERROR;
				GCC_WARN_UNDECLARED_SELECTOR = YES;
				GCC_WARN_UNINITIALIZED_AUTOS = YES_AGGRESSIVE;
				GCC_WARN_UNUSED_FUNCTION = YES;
				GCC_WARN_UNUSED_VARIABLE = YES;
				IPHONEOS_DEPLOYMENT_TARGET = 12.4;
				MTL_ENABLE_DEBUG_INFO = INCLUDE_SOURCE;
				MTL_FAST_MATH = YES;
				ONLY_ACTIVE_ARCH = YES;
				SDKROOT = iphoneos;
				SWIFT_ACTIVE_COMPILATION_CONDITIONS = DEBUG;
				SWIFT_OPTIMIZATION_LEVEL = "-Onone";
			};
			name = Debug;
		};
		989610E022EFF036007E63C9 /* Release */ = {
			isa = XCBuildConfiguration;
			buildSettings = {
				ALWAYS_SEARCH_USER_PATHS = NO;
				CLANG_ANALYZER_NONNULL = YES;
				CLANG_ANALYZER_NUMBER_OBJECT_CONVERSION = YES_AGGRESSIVE;
				CLANG_CXX_LANGUAGE_STANDARD = "gnu++14";
				CLANG_CXX_LIBRARY = "libc++";
				CLANG_ENABLE_MODULES = YES;
				CLANG_ENABLE_OBJC_ARC = YES;
				CLANG_ENABLE_OBJC_WEAK = YES;
				CLANG_WARN_BLOCK_CAPTURE_AUTORELEASING = YES;
				CLANG_WARN_BOOL_CONVERSION = YES;
				CLANG_WARN_COMMA = YES;
				CLANG_WARN_CONSTANT_CONVERSION = YES;
				CLANG_WARN_DEPRECATED_OBJC_IMPLEMENTATIONS = YES;
				CLANG_WARN_DIRECT_OBJC_ISA_USAGE = YES_ERROR;
				CLANG_WARN_DOCUMENTATION_COMMENTS = YES;
				CLANG_WARN_EMPTY_BODY = YES;
				CLANG_WARN_ENUM_CONVERSION = YES;
				CLANG_WARN_INFINITE_RECURSION = YES;
				CLANG_WARN_INT_CONVERSION = YES;
				CLANG_WARN_NON_LITERAL_NULL_CONVERSION = YES;
				CLANG_WARN_OBJC_IMPLICIT_RETAIN_SELF = YES;
				CLANG_WARN_OBJC_LITERAL_CONVERSION = YES;
				CLANG_WARN_OBJC_ROOT_CLASS = YES_ERROR;
				CLANG_WARN_RANGE_LOOP_ANALYSIS = YES;
				CLANG_WARN_STRICT_PROTOTYPES = YES;
				CLANG_WARN_SUSPICIOUS_MOVE = YES;
				CLANG_WARN_UNGUARDED_AVAILABILITY = YES_AGGRESSIVE;
				CLANG_WARN_UNREACHABLE_CODE = YES;
				CLANG_WARN__DUPLICATE_METHOD_MATCH = YES;
				CODE_SIGN_IDENTITY = "iPhone Developer";
				COPY_PHASE_STRIP = NO;
				DEBUG_INFORMATION_FORMAT = "dwarf-with-dsym";
				ENABLE_NS_ASSERTIONS = NO;
				ENABLE_STRICT_OBJC_MSGSEND = YES;
				GCC_C_LANGUAGE_STANDARD = gnu11;
				GCC_NO_COMMON_BLOCKS = YES;
				GCC_WARN_64_TO_32_BIT_CONVERSION = YES;
				GCC_WARN_ABOUT_RETURN_TYPE = YES_ERROR;
				GCC_WARN_UNDECLARED_SELECTOR = YES;
				GCC_WARN_UNINITIALIZED_AUTOS = YES_AGGRESSIVE;
				GCC_WARN_UNUSED_FUNCTION = YES;
				GCC_WARN_UNUSED_VARIABLE = YES;
				IPHONEOS_DEPLOYMENT_TARGET = 12.4;
				MTL_ENABLE_DEBUG_INFO = NO;
				MTL_FAST_MATH = YES;
				SDKROOT = iphoneos;
				SWIFT_COMPILATION_MODE = wholemodule;
				SWIFT_OPTIMIZATION_LEVEL = "-O";
				VALIDATE_PRODUCT = YES;
			};
			name = Release;
		};
		989610E222EFF036007E63C9 /* Debug */ = {
			isa = XCBuildConfiguration;
			buildSettings = {
				ASSETCATALOG_COMPILER_APPICON_NAME = AppIcon;
				CODE_SIGN_STYLE = Automatic;
				INFOPLIST_FILE = "拖拽移动/Info.plist";
				LD_RUNPATH_SEARCH_PATHS = (
					"$(inherited)",
					"@executable_path/Frameworks",
				);
				PRODUCT_BUNDLE_IDENTIFIER = "com.lzp.test.----";
				PRODUCT_NAME = "$(TARGET_NAME)";
				SWIFT_VERSION = 5.0;
				TARGETED_DEVICE_FAMILY = "1,2";
			};
			name = Debug;
		};
		989610E322EFF036007E63C9 /* Release */ = {
			isa = XCBuildConfiguration;
			buildSettings = {
				ASSETCATALOG_COMPILER_APPICON_NAME = AppIcon;
				CODE_SIGN_STYLE = Automatic;
				INFOPLIST_FILE = "拖拽移动/Info.plist";
				LD_RUNPATH_SEARCH_PATHS = (
					"$(inherited)",
					"@executable_path/Frameworks",
				);
				PRODUCT_BUNDLE_IDENTIFIER = "com.lzp.test.----";
				PRODUCT_NAME = "$(TARGET_NAME)";
				SWIFT_VERSION = 5.0;
				TARGETED_DEVICE_FAMILY = "1,2";
			};
			name = Release;
		};
/* End XCBuildConfiguration section */

/* Begin XCConfigurationList section */
		989610CA22EFF033007E63C9 /* Build configuration list for PBXProject "拖拽移动" */ = {
			isa = XCConfigurationList;
			buildConfigurations = (
				989610DF22EFF036007E63C9 /* Debug */,
				989610E022EFF036007E63C9 /* Release */,
			);
			defaultConfigurationIsVisible = 0;
			defaultConfigurationName = Release;
		};
		989610E122EFF036007E63C9 /* Build configuration list for PBXNativeTarget "拖拽移动" */ = {
			isa = XCConfigurationList;
			buildConfigurations = (
				989610E222EFF036007E63C9 /* Debug */,
				989610E322EFF036007E63C9 /* Release */,
			);
			defaultConfigurationIsVisible = 0;
			defaultConfigurationName = Release;
		};
/* End XCConfigurationList section */
	};
	rootObject = 989610C722EFF033007E63C9 /* Project object */;
}
